
Microsoft Visual Studio Solution File, Format Version 12.00
# Visual Studio Version 16
VisualStudioVersion = 16.0.30114.105
MinimumVisualStudioVersion = 10.0.40219.1
Project("{FAE04EC0-301F-11D3-BF4B-00C04F79EFBC}") = "Microservice.Service.Tests", "Microservice.Service.Tests\Microservice.Service.Tests.csproj", "{5823B214-9167-4942-B2D9-636451D7E994}"
EndProject
Project("{FAE04EC0-301F-11D3-BF4B-00C04F79EFBC}") = "Microservice.Service", "Microservice.Service\Microservice.Service.csproj", "{0B2B0195-6F7F-4C6D-9C3C-B955B2DA1528}"
EndProject
Global
	GlobalSection(SolutionConfigurationPlatforms) = preSolution
		Debug|Any CPU = Debug|Any CPU
		Release|Any CPU = Release|Any CPU
	EndGlobalSection
	GlobalSection(SolutionProperties) = preSolution
		HideSolutionNode = FALSE
	EndGlobalSection
	GlobalSection(ProjectConfigurationPlatforms) = postSolution
		{5823B214-9167-4942-B2D9-636451D7E994}.Debug|Any CPU.ActiveCfg = Debug|Any CPU
		{5823B214-9167-4942-B2D9-636451D7E994}.Debug|Any CPU.Build.0 = Debug|Any CPU
		{5823B214-9167-4942-B2D9-636451D7E994}.Release|Any CPU.ActiveCfg = Release|Any CPU
		{5823B214-9167-4942-B2D9-636451D7E994}.Release|Any CPU.Build.0 = Release|Any CPU
		{0B2B0195-6F7F-4C6D-9C3C-B955B2DA1528}.Debug|Any CPU.ActiveCfg = Debug|Any CPU
		{0B2B0195-6F7F-4C6D-9C3C-B955B2DA1528}.Debug|Any CPU.Build.0 = Debug|Any CPU
		{0B2B0195-6F7F-4C6D-9C3C-B955B2DA1528}.Release|Any CPU.ActiveCfg = Release|Any CPU
		{0B2B0195-6F7F-4C6D-9C3C-B955B2DA1528}.Release|Any CPU.Build.0 = Release|Any CPU
	EndGlobalSection
EndGlobal
